
Microsoft Visual Studio Solution File, Format Version 12.00
# Visual Studio 15
VisualStudioVersion = 15.0.26228.9
MinimumVisualStudioVersion = 10.0.40219.1
Project("{FAE04EC0-301F-11D3-BF4B-00C04F79EFBC}") = "solid104", "solid104\solid104.csproj", "{6D2ED242-B64B-4484-9552-F1C916D41EDB}"
EndProject
Project("{FAE04EC0-301F-11D3-BF4B-00C04F79EFBC}") = "solid106", "solid106\solid106.csproj", "{74C9EC8E-2B45-4016-8BBC-0994B913288D}"
EndProject
Project("{FAE04EC0-301F-11D3-BF4B-00C04F79EFBC}") = "solid112", "solid112\solid112.csproj", "{8A1E9BBE-4ACF-4490-8B58-4AF0ADDB6D4F}"
EndProject
Project("{FAE04EC0-301F-11D3-BF4B-00C04F79EFBC}") = "solid45", "solid45\solid45.csproj", "{D7D4047C-DF8B-4B58-B1CE-46DBECDE9547}"
EndProject
Project("{FAE04EC0-301F-11D3-BF4B-00C04F79EFBC}") = "solid51a", "solid51a\solid51a.csproj", "{76CEB8B5-23CB-4A55-A303-4519CE28349E}"
EndProject
Project("{FAE04EC0-301F-11D3-BF4B-00C04F79EFBC}") = "solid51b", "solid51b\solid51b.csproj", "{98F6A1C0-A784-45E7-BDB4-06AA20656F4C}"
EndProject
Project("{FAE04EC0-301F-11D3-BF4B-00C04F79EFBC}") = "solid56a", "solid56a\solid56a.csproj", "{B3FC2C11-3431-4790-9E25-5EEA05D2A034}"
EndProject
Project("{FAE04EC0-301F-11D3-BF4B-00C04F79EFBC}") = "solid56b", "solid56b\solid56b.csproj", "{ED9EF163-1CEC-4D62-9534-824E3D8D2E0D}"
EndProject
Project("{FAE04EC0-301F-11D3-BF4B-00C04F79EFBC}") = "solid57a", "solid57a\solid57a.csproj", "{FBB67D5B-B9AA-469C-B8DC-CBD989DE316C}"
EndProject
Project("{FAE04EC0-301F-11D3-BF4B-00C04F79EFBC}") = "solid57b", "solid57b\solid57b.csproj", "{15577948-0301-4EC2-A5A4-CCAB42C38AF4}"
EndProject
Project("{FAE04EC0-301F-11D3-BF4B-00C04F79EFBC}") = "solid58a", "solid58a\solid58a.csproj", "{643E5672-180F-4DE5-AF66-FA83B3C20766}"
EndProject
Project("{FAE04EC0-301F-11D3-BF4B-00C04F79EFBC}") = "solid58b", "solid58b\solid58b.csproj", "{6D98A061-523F-40D4-9835-02E8544DC7EF}"
EndProject
Project("{FAE04EC0-301F-11D3-BF4B-00C04F79EFBC}") = "solid58c", "solid58c\solid58c.csproj", "{E5390222-8DCB-41C5-9876-FB4F68844529}"
EndProject
Project("{FAE04EC0-301F-11D3-BF4B-00C04F79EFBC}") = "solid64", "solid64\solid64.csproj", "{CE69572F-27FB-4CCD-96F9-394D5070528D}"
EndProject
Project("{FAE04EC0-301F-11D3-BF4B-00C04F79EFBC}") = "solid66", "solid66\solid66.csproj", "{51AAA642-34B4-4B66-BFE0-C3019EB068AA}"
EndProject
Project("{FAE04EC0-301F-11D3-BF4B-00C04F79EFBC}") = "solid67", "solid67\solid67.csproj", "{4F2DF64A-B01F-46B7-9B16-F9780B0C7343}"
EndProject
Project("{FAE04EC0-301F-11D3-BF4B-00C04F79EFBC}") = "solid82", "solid82\solid82.csproj", "{2DFA4AB5-F702-4F00-B381-CEFE033F2CDE}"
EndProject
Project("{FAE04EC0-301F-11D3-BF4B-00C04F79EFBC}") = "solid83", "solid83\solid83.csproj", "{9282CA57-AAF8-4F9B-854B-763659E55E26}"
EndProject
Project("{FAE04EC0-301F-11D3-BF4B-00C04F79EFBC}") = "solid87", "solid87\solid87.csproj", "{EB590041-8AC5-4964-9CBC-80EDAA5EC3E6}"
EndProject
Project("{FAE04EC0-301F-11D3-BF4B-00C04F79EFBC}") = "solid93", "solid93\solid93.csproj", "{8C2A8E26-5A2A-44CA-81FD-2928DD0DC4EF}"
EndProject
Project("{FAE04EC0-301F-11D3-BF4B-00C04F79EFBC}") = "solid128", "solid128\solid128.csproj", "{954648F5-AE90-4116-BCAD-03E614AF5CCD}"
EndProject
Project("{FAE04EC0-301F-11D3-BF4B-00C04F79EFBC}") = "solid113", "solid113\solid113.csproj", "{FB0222D3-9D86-454F-A95C-1CDF75153C02}"
EndProject
Global
	GlobalSection(SolutionConfigurationPlatforms) = preSolution
		Debug|Any CPU = Debug|Any CPU
		Release|Any CPU = Release|Any CPU
	EndGlobalSection
	GlobalSection(ProjectConfigurationPlatforms) = postSolution
		{6D2ED242-B64B-4484-9552-F1C916D41EDB}.Debug|Any CPU.ActiveCfg = Debug|Any CPU
		{6D2ED242-B64B-4484-9552-F1C916D41EDB}.Debug|Any CPU.Build.0 = Debug|Any CPU
		{6D2ED242-B64B-4484-9552-F1C916D41EDB}.Release|Any CPU.ActiveCfg = Release|Any CPU
		{6D2ED242-B64B-4484-9552-F1C916D41EDB}.Release|Any CPU.Build.0 = Release|Any CPU
		{74C9EC8E-2B45-4016-8BBC-0994B913288D}.Debug|Any CPU.ActiveCfg = Debug|Any CPU
		{74C9EC8E-2B45-4016-8BBC-0994B913288D}.Debug|Any CPU.Build.0 = Debug|Any CPU
		{74C9EC8E-2B45-4016-8BBC-0994B913288D}.Release|Any CPU.ActiveCfg = Release|Any CPU
		{74C9EC8E-2B45-4016-8BBC-0994B913288D}.Release|Any CPU.Build.0 = Release|Any CPU
		{8A1E9BBE-4ACF-4490-8B58-4AF0ADDB6D4F}.Debug|Any CPU.ActiveCfg = Debug|Any CPU
		{8A1E9BBE-4ACF-4490-8B58-4AF0ADDB6D4F}.Debug|Any CPU.Build.0 = Debug|Any CPU
		{8A1E9BBE-4ACF-4490-8B58-4AF0ADDB6D4F}.Release|Any CPU.ActiveCfg = Release|Any CPU
		{8A1E9BBE-4ACF-4490-8B58-4AF0ADDB6D4F}.Release|Any CPU.Build.0 = Release|Any CPU
		{D7D4047C-DF8B-4B58-B1CE-46DBECDE9547}.Debug|Any CPU.ActiveCfg = Debug|Any CPU
		{D7D4047C-DF8B-4B58-B1CE-46DBECDE9547}.Debug|Any CPU.Build.0 = Debug|Any CPU
		{D7D4047C-DF8B-4B58-B1CE-46DBECDE9547}.Release|Any CPU.ActiveCfg = Release|Any CPU
		{D7D4047C-DF8B-4B58-B1CE-46DBECDE9547}.Release|Any CPU.Build.0 = Release|Any CPU
		{76CEB8B5-23CB-4A55-A303-4519CE28349E}.Debug|Any CPU.ActiveCfg = Debug|Any CPU
		{76CEB8B5-23CB-4A55-A303-4519CE28349E}.Debug|Any CPU.Build.0 = Debug|Any CPU
		{76CEB8B5-23CB-4A55-A303-4519CE28349E}.Release|Any CPU.ActiveCfg = Release|Any CPU
		{76CEB8B5-23CB-4A55-A303-4519CE28349E}.Release|Any CPU.Build.0 = Release|Any CPU
		{98F6A1C0-A784-45E7-BDB4-06AA20656F4C}.Debug|Any CPU.ActiveCfg = Debug|Any CPU
		{98F6A1C0-A784-45E7-BDB4-06AA20656F4C}.Debug|Any CPU.Build.0 = Debug|Any CPU
		{98F6A1C0-A784-45E7-BDB4-06AA20656F4C}.Release|Any CPU.ActiveCfg = Release|Any CPU
		{98F6A1C0-A784-45E7-BDB4-06AA20656F4C}.Release|Any CPU.Build.0 = Release|Any CPU
		{B3FC2C11-3431-4790-9E25-5EEA05D2A034}.Debug|Any CPU.ActiveCfg = Debug|Any CPU
		{B3FC2C11-3431-4790-9E25-5EEA05D2A034}.Debug|Any CPU.Build.0 = Debug|Any CPU
		{B3FC2C11-3431-4790-9E25-5EEA05D2A034}.Release|Any CPU.ActiveCfg = Release|Any CPU
		{B3FC2C11-3431-4790-9E25-5EEA05D2A034}.Release|Any CPU.Build.0 = Release|Any CPU
		{ED9EF163-1CEC-4D62-9534-824E3D8D2E0D}.Debug|Any CPU.ActiveCfg = Debug|Any CPU
		{ED9EF163-1CEC-4D62-9534-824E3D8D2E0D}.Debug|Any CPU.Build.0 = Debug|Any CPU
		{ED9EF163-1CEC-4D62-9534-824E3D8D2E0D}.Release|Any CPU.ActiveCfg = Release|Any CPU
		{ED9EF163-1CEC-4D62-9534-824E3D8D2E0D}.Release|Any CPU.Build.0 = Release|Any CPU
		{FBB67D5B-B9AA-469C-B8DC-CBD989DE316C}.Debug|Any CPU.ActiveCfg = Debug|Any CPU
		{FBB67D5B-B9AA-469C-B8DC-CBD989DE316C}.Debug|Any CPU.Build.0 = Debug|Any CPU
		{FBB67D5B-B9AA-469C-B8DC-CBD989DE316C}.Release|Any CPU.ActiveCfg = Release|Any CPU
		{FBB67D5B-B9AA-469C-B8DC-CBD989DE316C}.Release|Any CPU.Build.0 = Release|Any CPU
		{15577948-0301-4EC2-A5A4-CCAB42C38AF4}.Debug|Any CPU.ActiveCfg = Debug|Any CPU
		{15577948-0301-4EC2-A5A4-CCAB42C38AF4}.Debug|Any CPU.Build.0 = Debug|Any CPU
		{15577948-0301-4EC2-A5A4-CCAB42C38AF4}.Release|Any CPU.ActiveCfg = Release|Any CPU
		{15577948-0301-4EC2-A5A4-CCAB42C38AF4}.Release|Any CPU.Build.0 = Release|Any CPU
		{643E5672-180F-4DE5-AF66-FA83B3C20766}.Debug|Any CPU.ActiveCfg = Debug|Any CPU
		{643E5672-180F-4DE5-AF66-FA83B3C20766}.Debug|Any CPU.Build.0 = Debug|Any CPU
		{643E5672-180F-4DE5-AF66-FA83B3C20766}.Release|Any CPU.ActiveCfg = Release|Any CPU
		{643E5672-180F-4DE5-AF66-FA83B3C20766}.Release|Any CPU.Build.0 = Release|Any CPU
		{6D98A061-523F-40D4-9835-02E8544DC7EF}.Debug|Any CPU.ActiveCfg = Debug|Any CPU
		{6D98A061-523F-40D4-9835-02E8544DC7EF}.Debug|Any CPU.Build.0 = Debug|Any CPU
		{6D98A061-523F-40D4-9835-02E8544DC7EF}.Release|Any CPU.ActiveCfg = Release|Any CPU
		{6D98A061-523F-40D4-9835-02E8544DC7EF}.Release|Any CPU.Build.0 = Release|Any CPU
		{E5390222-8DCB-41C5-9876-FB4F68844529}.Debug|Any CPU.ActiveCfg = Debug|Any CPU
		{E5390222-8DCB-41C5-9876-FB4F68844529}.Debug|Any CPU.Build.0 = Debug|Any CPU
		{E5390222-8DCB-41C5-9876-FB4F68844529}.Release|Any CPU.ActiveCfg = Release|Any CPU
		{E5390222-8DCB-41C5-9876-FB4F68844529}.Release|Any CPU.Build.0 = Release|Any CPU
		{CE69572F-27FB-4CCD-96F9-394D5070528D}.Debug|Any CPU.ActiveCfg = Debug|Any CPU
		{CE69572F-27FB-4CCD-96F9-394D5070528D}.Debug|Any CPU.Build.0 = Debug|Any CPU
		{CE69572F-27FB-4CCD-96F9-394D5070528D}.Release|Any CPU.ActiveCfg = Release|Any CPU
		{CE69572F-27FB-4CCD-96F9-394D5070528D}.Release|Any CPU.Build.0 = Release|Any CPU
		{51AAA642-34B4-4B66-BFE0-C3019EB068AA}.Debug|Any CPU.ActiveCfg = Debug|Any CPU
		{51AAA642-34B4-4B66-BFE0-C3019EB068AA}.Debug|Any CPU.Build.0 = Debug|Any CPU
		{51AAA642-34B4-4B66-BFE0-C3019EB068AA}.Release|Any CPU.ActiveCfg = Release|Any CPU
		{51AAA642-34B4-4B66-BFE0-C3019EB068AA}.Release|Any CPU.Build.0 = Release|Any CPU
		{4F2DF64A-B01F-46B7-9B16-F9780B0C7343}.Debug|Any CPU.ActiveCfg = Debug|Any CPU
		{4F2DF64A-B01F-46B7-9B16-F9780B0C7343}.Debug|Any CPU.Build.0 = Debug|Any CPU
		{4F2DF64A-B01F-46B7-9B16-F9780B0C7343}.Release|Any CPU.ActiveCfg = Release|Any CPU
		{4F2DF64A-B01F-46B7-9B16-F9780B0C7343}.Release|Any CPU.Build.0 = Release|Any CPU
		{2DFA4AB5-F702-4F00-B381-CEFE033F2CDE}.Debug|Any CPU.ActiveCfg = Debug|Any CPU
		{2DFA4AB5-F702-4F00-B381-CEFE033F2CDE}.Debug|Any CPU.Build.0 = Debug|Any CPU
		{2DFA4AB5-F702-4F00-B381-CEFE033F2CDE}.Release|Any CPU.ActiveCfg = Release|Any CPU
		{2DFA4AB5-F702-4F00-B381-CEFE033F2CDE}.Release|Any CPU.Build.0 = Release|Any CPU
		{9282CA57-AAF8-4F9B-854B-763659E55E26}.Debug|Any CPU.ActiveCfg = Debug|Any CPU
		{9282CA57-AAF8-4F9B-854B-763659E55E26}.Debug|Any CPU.Build.0 = Debug|Any CPU
		{9282CA57-AAF8-4F9B-854B-763659E55E26}.Release|Any CPU.ActiveCfg = Release|Any CPU
		{9282CA57-AAF8-4F9B-854B-763659E55E26}.Release|Any CPU.Build.0 = Release|Any CPU
		{EB590041-8AC5-4964-9CBC-80EDAA5EC3E6}.Debug|Any CPU.ActiveCfg = Debug|Any CPU
		{EB590041-8AC5-4964-9CBC-80EDAA5EC3E6}.Debug|Any CPU.Build.0 = Debug|Any CPU
		{EB590041-8AC5-4964-9CBC-80EDAA5EC3E6}.Release|Any CPU.ActiveCfg = Release|Any CPU
		{EB590041-8AC5-4964-9CBC-80EDAA5EC3E6}.Release|Any CPU.Build.0 = Release|Any CPU
		{8C2A8E26-5A2A-44CA-81FD-2928DD0DC4EF}.Debug|Any CPU.ActiveCfg = Debug|Any CPU
		{8C2A8E26-5A2A-44CA-81FD-2928DD0DC4EF}.Debug|Any CPU.Build.0 = Debug|Any CPU
		{8C2A8E26-5A2A-44CA-81FD-2928DD0DC4EF}.Release|Any CPU.ActiveCfg = Release|Any CPU
		{8C2A8E26-5A2A-44CA-81FD-2928DD0DC4EF}.Release|Any CPU.Build.0 = Release|Any CPU
		{954648F5-AE90-4116-BCAD-03E614AF5CCD}.Debug|Any CPU.ActiveCfg = Debug|Any CPU
		{954648F5-AE90-4116-BCAD-03E614AF5CCD}.Debug|Any CPU.Build.0 = Debug|Any CPU
		{954648F5-AE90-4116-BCAD-03E614AF5CCD}.Release|Any CPU.ActiveCfg = Release|Any CPU
		{954648F5-AE90-4116-BCAD-03E614AF5CCD}.Release|Any CPU.Build.0 = Release|Any CPU
		{FB0222D3-9D86-454F-A95C-1CDF75153C02}.Debug|Any CPU.ActiveCfg = Debug|Any CPU
		{FB0222D3-9D86-454F-A95C-1CDF75153C02}.Debug|Any CPU.Build.0 = Debug|Any CPU
		{FB0222D3-9D86-454F-A95C-1CDF75153C02}.Release|Any CPU.ActiveCfg = Release|Any CPU
		{FB0222D3-9D86-454F-A95C-1CDF75153C02}.Release|Any CPU.Build.0 = Release|Any CPU
	EndGlobalSection
	GlobalSection(SolutionProperties) = preSolution
		HideSolutionNode = FALSE
	EndGlobalSection
EndGlobal
